
Microsoft Visual Studio Solution File, Format Version 12.00
# Visual Studio Version 17
VisualStudioVersion = 17.11.35312.102
MinimumVisualStudioVersion = 10.0.40219.1
Project("{9A19103F-16F7-4668-BE54-9A1E7A4F7556}") = "USchedule.Web", "USchedule.Web\USchedule.Web.csproj", "{12E79F21-0DFA-4C05-AF58-F32260D075FD}"
EndProject
Project("{FAE04EC0-301F-11D3-BF4B-00C04F79EFBC}") = "USchedule.Domain", "USchedule.Domain\USchedule.Domain.csproj", "{0DCCF150-D154-44B6-95A3-2D795EFF127D}"
EndProject
Project("{FAE04EC0-301F-11D3-BF4B-00C04F79EFBC}") = "USchedule.Repository", "USchedule.Repository\USchedule.Repository.csproj", "{8A7DE778-894C-434F-A113-DEF9C1329D96}"
EndProject
Project("{FAE04EC0-301F-11D3-BF4B-00C04F79EFBC}") = "USchedule.Service", "USchedule.Service\USchedule.Service.csproj", "{06F51D97-E69A-477C-B7EE-93868C505198}"
EndProject
Project("{FAE04EC0-301F-11D3-BF4B-00C04F79EFBC}") = "USchedule.Shared", "USchedule.Shared\USchedule.Shared.csproj", "{29DAD16B-EC1B-48EE-B09B-8E6AFE38E260}"
EndProject
Global
	GlobalSection(SolutionConfigurationPlatforms) = preSolution
		Debug|Any CPU = Debug|Any CPU
		Release|Any CPU = Release|Any CPU
	EndGlobalSection
	GlobalSection(ProjectConfigurationPlatforms) = postSolution
		{12E79F21-0DFA-4C05-AF58-F32260D075FD}.Debug|Any CPU.ActiveCfg = Debug|Any CPU
		{12E79F21-0DFA-4C05-AF58-F32260D075FD}.Debug|Any CPU.Build.0 = Debug|Any CPU
		{12E79F21-0DFA-4C05-AF58-F32260D075FD}.Release|Any CPU.ActiveCfg = Release|Any CPU
		{12E79F21-0DFA-4C05-AF58-F32260D075FD}.Release|Any CPU.Build.0 = Release|Any CPU
		{0DCCF150-D154-44B6-95A3-2D795EFF127D}.Debug|Any CPU.ActiveCfg = Debug|Any CPU
		{0DCCF150-D154-44B6-95A3-2D795EFF127D}.Debug|Any CPU.Build.0 = Debug|Any CPU
		{0DCCF150-D154-44B6-95A3-2D795EFF127D}.Release|Any CPU.ActiveCfg = Release|Any CPU
		{0DCCF150-D154-44B6-95A3-2D795EFF127D}.Release|Any CPU.Build.0 = Release|Any CPU
		{8A7DE778-894C-434F-A113-DEF9C1329D96}.Debug|Any CPU.ActiveCfg = Debug|Any CPU
		{8A7DE778-894C-434F-A113-DEF9C1329D96}.Debug|Any CPU.Build.0 = Debug|Any CPU
		{8A7DE778-894C-434F-A113-DEF9C1329D96}.Release|Any CPU.ActiveCfg = Release|Any CPU
		{8A7DE778-894C-434F-A113-DEF9C1329D96}.Release|Any CPU.Build.0 = Release|Any CPU
		{06F51D97-E69A-477C-B7EE-93868C505198}.Debug|Any CPU.ActiveCfg = Debug|Any CPU
		{06F51D97-E69A-477C-B7EE-93868C505198}.Debug|Any CPU.Build.0 = Debug|Any CPU
		{06F51D97-E69A-477C-B7EE-93868C505198}.Release|Any CPU.ActiveCfg = Release|Any CPU
		{06F51D97-E69A-477C-B7EE-93868C505198}.Release|Any CPU.Build.0 = Release|Any CPU
		{29DAD16B-EC1B-48EE-B09B-8E6AFE38E260}.Debug|Any CPU.ActiveCfg = Debug|Any CPU
		{29DAD16B-EC1B-48EE-B09B-8E6AFE38E260}.Debug|Any CPU.Build.0 = Debug|Any CPU
		{29DAD16B-EC1B-48EE-B09B-8E6AFE38E260}.Release|Any CPU.ActiveCfg = Release|Any CPU
		{29DAD16B-EC1B-48EE-B09B-8E6AFE38E260}.Release|Any CPU.Build.0 = Release|Any CPU
	EndGlobalSection
	GlobalSection(SolutionProperties) = preSolution
		HideSolutionNode = FALSE
	EndGlobalSection
	GlobalSection(ExtensibilityGlobals) = postSolution
		SolutionGuid = {7B8DBC2C-F4E0-4FE5-AD14-A5FDC79848C7}
	EndGlobalSection
EndGlobal
